// !$*UTF8*$!
{
	archiveVersion = 1;
	classes = {
	};
	objectVersion = 48;
	objects = {

/* Begin PBXBuildFile section */
		0F74C5911F86377800FA24F2 /* AppDelegate.swift in Sources */ = {isa = PBXBuildFile; fileRef = 0F74C5901F86377800FA24F2 /* AppDelegate.swift */; };
		0F74C5931F86377800FA24F2 /* ViewController.swift in Sources */ = {isa = PBXBuildFile; fileRef = 0F74C5921F86377800FA24F2 /* ViewController.swift */; };
		0F74C5951F86377800FA24F2 /* Assets.xcassets in Resources */ = {isa = PBXBuildFile; fileRef = 0F74C5941F86377800FA24F2 /* Assets.xcassets */; };
		0F74C5981F86377800FA24F2 /* Main.storyboard in Resources */ = {isa = PBXBuildFile; fileRef = 0F74C5961F86377800FA24F2 /* Main.storyboard */; };
		0F74C5A41F86377800FA24F2 /* NSOutLineViewTests.swift in Sources */ = {isa = PBXBuildFile; fileRef = 0F74C5A31F86377800FA24F2 /* NSOutLineViewTests.swift */; };
		0F74C5AF1F86377800FA24F2 /* NSOutLineViewUITests.swift in Sources */ = {isa = PBXBuildFile; fileRef = 0F74C5AE1F86377800FA24F2 /* NSOutLineViewUITests.swift */; };
		0F74C5BD1F8638FA00FA24F2 /* PlayList.swift in Sources */ = {isa = PBXBuildFile; fileRef = 0F74C5BC1F8638FA00FA24F2 /* PlayList.swift */; };
/* End PBXBuildFile section */

/* Begin PBXContainerItemProxy section */
		0F74C5A01F86377800FA24F2 /* PBXContainerItemProxy */ = {
			isa = PBXContainerItemProxy;
			containerPortal = 0F74C5851F86377800FA24F2 /* Project object */;
			proxyType = 1;
			remoteGlobalIDString = 0F74C58C1F86377800FA24F2;
			remoteInfo = NSOutLineView;
		};
		0F74C5AB1F86377800FA24F2 /* PBXContainerItemProxy */ = {
			isa = PBXContainerItemProxy;
			containerPortal = 0F74C5851F86377800FA24F2 /* Project object */;
			proxyType = 1;
			remoteGlobalIDString = 0F74C58C1F86377800FA24F2;
			remoteInfo = NSOutLineView;
		};
/* End PBXContainerItemProxy section */

/* Begin PBXFileReference section */
		0F74C58D1F86377800FA24F2 /* NSOutLineView.app */ = {isa = PBXFileReference; explicitFileType = wrapper.application; includeInIndex = 0; path = NSOutLineView.app; sourceTree = BUILT_PRODUCTS_DIR; };
		0F74C5901F86377800FA24F2 /* AppDelegate.swift */ = {isa = PBXFileReference; lastKnownFileType = sourcecode.swift; path = AppDelegate.swift; sourceTree = "<group>"; };
		0F74C5921F86377800FA24F2 /* ViewController.swift */ = {isa = PBXFileReference; lastKnownFileType = sourcecode.swift; path = ViewController.swift; sourceTree = "<group>"; };
		0F74C5941F86377800FA24F2 /* Assets.xcassets */ = {isa = PBXFileReference; lastKnownFileType = folder.assetcatalog; path = Assets.xcassets; sourceTree = "<group>"; };
		0F74C5971F86377800FA24F2 /* Base */ = {isa = PBXFileReference; lastKnownFileType = file.storyboard; name = Base; path = Base.lproj/Main.storyboard; sourceTree = "<group>"; };
		0F74C5991F86377800FA24F2 /* Info.plist */ = {isa = PBXFileReference; lastKnownFileType = text.plist.xml; path = Info.plist; sourceTree = "<group>"; };
		0F74C59A1F86377800FA24F2 /* NSOutLineView.entitlements */ = {isa = PBXFileReference; lastKnownFileType = text.plist.entitlements; path = NSOutLineView.entitlements; sourceTree = "<group>"; };
		0F74C59F1F86377800FA24F2 /* NSOutLineViewTests.xctest */ = {isa = PBXFileReference; explicitFileType = wrapper.cfbundle; includeInIndex = 0; path = NSOutLineViewTests.xctest; sourceTree = BUILT_PRODUCTS_DIR; };
		0F74C5A31F86377800FA24F2 /* NSOutLineViewTests.swift */ = {isa = PBXFileReference; lastKnownFileType = sourcecode.swift; path = NSOutLineViewTests.swift; sourceTree = "<group>"; };
		0F74C5A51F86377800FA24F2 /* Info.plist */ = {isa = PBXFileReference; lastKnownFileType = text.plist.xml; path = Info.plist; sourceTree = "<group>"; };
		0F74C5AA1F86377800FA24F2 /* NSOutLineViewUITests.xctest */ = {isa = PBXFileReference; explicitFileType = wrapper.cfbundle; includeInIndex = 0; path = NSOutLineViewUITests.xctest; sourceTree = BUILT_PRODUCTS_DIR; };
		0F74C5AE1F86377800FA24F2 /* NSOutLineViewUITests.swift */ = {isa = PBXFileReference; lastKnownFileType = sourcecode.swift; path = NSOutLineViewUITests.swift; sourceTree = "<group>"; };
		0F74C5B01F86377800FA24F2 /* Info.plist */ = {isa = PBXFileReference; lastKnownFileType = text.plist.xml; path = Info.plist; sourceTree = "<group>"; };
		0F74C5BC1F8638FA00FA24F2 /* PlayList.swift */ = {isa = PBXFileReference; lastKnownFileType = sourcecode.swift; path = PlayList.swift; sourceTree = "<group>"; };
/* End PBXFileReference section */

/* Begin PBXFrameworksBuildPhase section */
		0F74C58A1F86377800FA24F2 /* Frameworks */ = {
			isa = PBXFrameworksBuildPhase;
			buildActionMask = 2147483647;
			files = (
			);
			runOnlyForDeploymentPostprocessing = 0;
		};
		0F74C59C1F86377800FA24F2 /* Frameworks */ = {
			isa = PBXFrameworksBuildPhase;
			buildActionMask = 2147483647;
			files = (
			);
			runOnlyForDeploymentPostprocessing = 0;
		};
		0F74C5A71F86377800FA24F2 /* Frameworks */ = {
			isa = PBXFrameworksBuildPhase;
			buildActionMask = 2147483647;
			files = (
			);
			runOnlyForDeploymentPostprocessing = 0;
		};
/* End PBXFrameworksBuildPhase section */

/* Begin PBXGroup section */
		0F74C5841F86377800FA24F2 = {
			isa = PBXGroup;
			children = (
				0F74C58F1F86377800FA24F2 /* NSOutLineView */,
				0F74C5A21F86377800FA24F2 /* NSOutLineViewTests */,
				0F74C5AD1F86377800FA24F2 /* NSOutLineViewUITests */,
				0F74C58E1F86377800FA24F2 /* Products */,
			);
			sourceTree = "<group>";
		};
		0F74C58E1F86377800FA24F2 /* Products */ = {
			isa = PBXGroup;
			children = (
				0F74C58D1F86377800FA24F2 /* NSOutLineView.app */,
				0F74C59F1F86377800FA24F2 /* NSOutLineViewTests.xctest */,
				0F74C5AA1F86377800FA24F2 /* NSOutLineViewUITests.xctest */,
			);
			name = Products;
			sourceTree = "<group>";
		};
		0F74C58F1F86377800FA24F2 /* NSOutLineView */ = {
			isa = PBXGroup;
			children = (
				0F74C5901F86377800FA24F2 /* AppDelegate.swift */,
				0F74C5921F86377800FA24F2 /* ViewController.swift */,
				0F74C5941F86377800FA24F2 /* Assets.xcassets */,
				0F74C5961F86377800FA24F2 /* Main.storyboard */,
				0F74C5991F86377800FA24F2 /* Info.plist */,
				0F74C59A1F86377800FA24F2 /* NSOutLineView.entitlements */,
				0F74C5BC1F8638FA00FA24F2 /* PlayList.swift */,
			);
			path = NSOutLineView;
			sourceTree = "<group>";
		};
		0F74C5A21F86377800FA24F2 /* NSOutLineViewTests */ = {
			isa = PBXGroup;
			children = (
				0F74C5A31F86377800FA24F2 /* NSOutLineViewTests.swift */,
				0F74C5A51F86377800FA24F2 /* Info.plist */,
			);
			path = NSOutLineViewTests;
			sourceTree = "<group>";
		};
		0F74C5AD1F86377800FA24F2 /* NSOutLineViewUITests */ = {
			isa = PBXGroup;
			children = (
				0F74C5AE1F86377800FA24F2 /* NSOutLineViewUITests.swift */,
				0F74C5B01F86377800FA24F2 /* Info.plist */,
			);
			path = NSOutLineViewUITests;
			sourceTree = "<group>";
		};
/* End PBXGroup section */

/* Begin PBXNativeTarget section */
		0F74C58C1F86377800FA24F2 /* NSOutLineView */ = {
			isa = PBXNativeTarget;
			buildConfigurationList = 0F74C5B31F86377800FA24F2 /* Build configuration list for PBXNativeTarget "NSOutLineView" */;
			buildPhases = (
				0F74C5891F86377800FA24F2 /* Sources */,
				0F74C58A1F86377800FA24F2 /* Frameworks */,
				0F74C58B1F86377800FA24F2 /* Resources */,
			);
			buildRules = (
			);
			dependencies = (
			);
			name = NSOutLineView;
			productName = NSOutLineView;
			productReference = 0F74C58D1F86377800FA24F2 /* NSOutLineView.app */;
			productType = "com.apple.product-type.application";
		};
		0F74C59E1F86377800FA24F2 /* NSOutLineViewTests */ = {
			isa = PBXNativeTarget;
			buildConfigurationList = 0F74C5B61F86377800FA24F2 /* Build configuration list for PBXNativeTarget "NSOutLineViewTests" */;
			buildPhases = (
				0F74C59B1F86377800FA24F2 /* Sources */,
				0F74C59C1F86377800FA24F2 /* Frameworks */,
				0F74C59D1F86377800FA24F2 /* Resources */,
			);
			buildRules = (
			);
			dependencies = (
				0F74C5A11F86377800FA24F2 /* PBXTargetDependency */,
			);
			name = NSOutLineViewTests;
			productName = NSOutLineViewTests;
			productReference = 0F74C59F1F86377800FA24F2 /* NSOutLineViewTests.xctest */;
			productType = "com.apple.product-type.bundle.unit-test";
		};
		0F74C5A91F86377800FA24F2 /* NSOutLineViewUITests */ = {
			isa = PBXNativeTarget;
			buildConfigurationList = 0F74C5B91F86377800FA24F2 /* Build configuration list for PBXNativeTarget "NSOutLineViewUITests" */;
			buildPhases = (
				0F74C5A61F86377800FA24F2 /* Sources */,
				0F74C5A71F86377800FA24F2 /* Frameworks */,
				0F74C5A81F86377800FA24F2 /* Resources */,
			);
			buildRules = (
			);
			dependencies = (
				0F74C5AC1F86377800FA24F2 /* PBXTargetDependency */,
			);
			name = NSOutLineViewUITests;
			productName = NSOutLineViewUITests;
			productReference = 0F74C5AA1F86377800FA24F2 /* NSOutLineViewUITests.xctest */;
			productType = "com.apple.product-type.bundle.ui-testing";
		};
/* End PBXNativeTarget section */

/* Begin PBXProject section */
		0F74C5851F86377800FA24F2 /* Project object */ = {
			isa = PBXProject;
			attributes = {
				LastSwiftUpdateCheck = 0900;
				LastUpgradeCheck = 0900;
				ORGANIZATIONNAME = "政";
				TargetAttributes = {
					0F74C58C1F86377800FA24F2 = {
						CreatedOnToolsVersion = 9.0;
						ProvisioningStyle = Automatic;
					};
					0F74C59E1F86377800FA24F2 = {
						CreatedOnToolsVersion = 9.0;
						ProvisioningStyle = Automatic;
						TestTargetID = 0F74C58C1F86377800FA24F2;
					};
					0F74C5A91F86377800FA24F2 = {
						CreatedOnToolsVersion = 9.0;
						ProvisioningStyle = Automatic;
						TestTargetID = 0F74C58C1F86377800FA24F2;
					};
				};
			};
			buildConfigurationList = 0F74C5881F86377800FA24F2 /* Build configuration list for PBXProject "NSOutLineView" */;
			compatibilityVersion = "Xcode 8.0";
			developmentRegion = en;
			hasScannedForEncodings = 0;
			knownRegions = (
				en,
				Base,
			);
			mainGroup = 0F74C5841F86377800FA24F2;
			productRefGroup = 0F74C58E1F86377800FA24F2 /* Products */;
			projectDirPath = "";
			projectRoot = "";
			targets = (
				0F74C58C1F86377800FA24F2 /* NSOutLineView */,
				0F74C59E1F86377800FA24F2 /* NSOutLineViewTests */,
				0F74C5A91F86377800FA24F2 /* NSOutLineViewUITests */,
			);
		};
/* End PBXProject section */

/* Begin PBXResourcesBuildPhase section */
		0F74C58B1F86377800FA24F2 /* Resources */ = {
			isa = PBXResourcesBuildPhase;
			buildActionMask = 2147483647;
			files = (
				0F74C5951F86377800FA24F2 /* Assets.xcassets in Resources */,
				0F74C5981F86377800FA24F2 /* Main.storyboard in Resources */,
			);
			runOnlyForDeploymentPostprocessing = 0;
		};
		0F74C59D1F86377800FA24F2 /* Resources */ = {
			isa = PBXResourcesBuildPhase;
			buildActionMask = 2147483647;
			files = (
			);
			runOnlyForDeploymentPostprocessing = 0;
		};
		0F74C5A81F86377800FA24F2 /* Resources */ = {
			isa = PBXResourcesBuildPhase;
			buildActionMask = 2147483647;
			files = (
			);
			runOnlyForDeploymentPostprocessing = 0;
		};
/* End PBXResourcesBuildPhase section */

/* Begin PBXSourcesBuildPhase section */
		0F74C5891F86377800FA24F2 /* Sources */ = {
			isa = PBXSourcesBuildPhase;
			buildActionMask = 2147483647;
			files = (
				0F74C5BD1F8638FA00FA24F2 /* PlayList.swift in Sources */,
				0F74C5931F86377800FA24F2 /* ViewController.swift in Sources */,
				0F74C5911F86377800FA24F2 /* AppDelegate.swift in Sources */,
			);
			runOnlyForDeploymentPostprocessing = 0;
		};
		0F74C59B1F86377800FA24F2 /* Sources */ = {
			isa = PBXSourcesBuildPhase;
			buildActionMask = 2147483647;
			files = (
				0F74C5A41F86377800FA24F2 /* NSOutLineViewTests.swift in Sources */,
			);
			runOnlyForDeploymentPostprocessing = 0;
		};
		0F74C5A61F86377800FA24F2 /* Sources */ = {
			isa = PBXSourcesBuildPhase;
			buildActionMask = 2147483647;
			files = (
				0F74C5AF1F86377800FA24F2 /* NSOutLineViewUITests.swift in Sources */,
			);
			runOnlyForDeploymentPostprocessing = 0;
		};
/* End PBXSourcesBuildPhase section */

/* Begin PBXTargetDependency section */
		0F74C5A11F86377800FA24F2 /* PBXTargetDependency */ = {
			isa = PBXTargetDependency;
			target = 0F74C58C1F86377800FA24F2 /* NSOutLineView */;
			targetProxy = 0F74C5A01F86377800FA24F2 /* PBXContainerItemProxy */;
		};
		0F74C5AC1F86377800FA24F2 /* PBXTargetDependency */ = {
			isa = PBXTargetDependency;
			target = 0F74C58C1F86377800FA24F2 /* NSOutLineView */;
			targetProxy = 0F74C5AB1F86377800FA24F2 /* PBXContainerItemProxy */;
		};
/* End PBXTargetDependency section */

/* Begin PBXVariantGroup section */
		0F74C5961F86377800FA24F2 /* Main.storyboard */ = {
			isa = PBXVariantGroup;
			children = (
				0F74C5971F86377800FA24F2 /* Base */,
			);
			name = Main.storyboard;
			sourceTree = "<group>";
		};
/* End PBXVariantGroup section */

/* Begin XCBuildConfiguration section */
		0F74C5B11F86377800FA24F2 /* Debug */ = {
			isa = XCBuildConfiguration;
			buildSettings = {
				ALWAYS_SEARCH_USER_PATHS = NO;
				CLANG_ANALYZER_NONNULL = YES;
				CLANG_ANALYZER_NUMBER_OBJECT_CONVERSION = YES_AGGRESSIVE;
				CLANG_CXX_LANGUAGE_STANDARD = "gnu++14";
				CLANG_CXX_LIBRARY = "libc++";
				CLANG_ENABLE_MODULES = YES;
				CLANG_ENABLE_OBJC_ARC = YES;
				CLANG_WARN_BLOCK_CAPTURE_AUTORELEASING = YES;
				CLANG_WARN_BOOL_CONVERSION = YES;
				CLANG_WARN_COMMA = YES;
				CLANG_WARN_CONSTANT_CONVERSION = YES;
				CLANG_WARN_DIRECT_OBJC_ISA_USAGE = YES_ERROR;
				CLANG_WARN_DOCUMENTATION_COMMENTS = YES;
				CLANG_WARN_EMPTY_BODY = YES;
				CLANG_WARN_ENUM_CONVERSION = YES;
				CLANG_WARN_INFINITE_RECURSION = YES;
				CLANG_WARN_INT_CONVERSION = YES;
				CLANG_WARN_NON_LITERAL_NULL_CONVERSION = YES;
				CLANG_WARN_OBJC_LITERAL_CONVERSION = YES;
				CLANG_WARN_OBJC_ROOT_CLASS = YES_ERROR;
				CLANG_WARN_RANGE_LOOP_ANALYSIS = YES;
				CLANG_WARN_STRICT_PROTOTYPES = YES;
				CLANG_WARN_SUSPICIOUS_MOVE = YES;
				CLANG_WARN_UNGUARDED_AVAILABILITY = YES_AGGRESSIVE;
				CLANG_WARN_UNREACHABLE_CODE = YES;
				CLANG_WARN__DUPLICATE_METHOD_MATCH = YES;
				CODE_SIGN_IDENTITY = "Mac Developer";
				COPY_PHASE_STRIP = NO;
				DEBUG_INFORMATION_FORMAT = dwarf;
				ENABLE_STRICT_OBJC_MSGSEND = YES;
				ENABLE_TESTABILITY = YES;
				GCC_C_LANGUAGE_STANDARD = gnu11;
				GCC_DYNAMIC_NO_PIC = NO;
				GCC_NO_COMMON_BLOCKS = YES;
				GCC_OPTIMIZATION_LEVEL = 0;
				GCC_PREPROCESSOR_DEFINITIONS = (
					"DEBUG=1",
					"$(inherited)",
				);
				GCC_WARN_64_TO_32_BIT_CONVERSION = YES;
				GCC_WARN_ABOUT_RETURN_TYPE = YES_ERROR;
				GCC_WARN_UNDECLARED_SELECTOR = YES;
				GCC_WARN_UNINITIALIZED_AUTOS = YES_AGGRESSIVE;
				GCC_WARN_UNUSED_FUNCTION = YES;
				GCC_WARN_UNUSED_VARIABLE = YES;
				MACOSX_DEPLOYMENT_TARGET = 10.12;
				MTL_ENABLE_DEBUG_INFO = YES;
				ONLY_ACTIVE_ARCH = YES;
				SDKROOT = macosx;
				SWIFT_ACTIVE_COMPILATION_CONDITIONS = DEBUG;
				SWIFT_OPTIMIZATION_LEVEL = "-Onone";
			};
			name = Debug;
		};
		0F74C5B21F86377800FA24F2 /* Release */ = {
			isa = XCBuildConfiguration;
			buildSettings = {
				ALWAYS_SEARCH_USER_PATHS = NO;
				CLANG_ANALYZER_NONNULL = YES;
				CLANG_ANALYZER_NUMBER_OBJECT_CONVERSION = YES_AGGRESSIVE;
				CLANG_CXX_LANGUAGE_STANDARD = "gnu++14";
				CLANG_CXX_LIBRARY = "libc++";
				CLANG_ENABLE_MODULES = YES;
				CLANG_ENABLE_OBJC_ARC = YES;
				CLANG_WARN_BLOCK_CAPTURE_AUTORELEASING = YES;
				CLANG_WARN_BOOL_CONVERSION = YES;
				CLANG_WARN_COMMA = YES;
				CLANG_WARN_CONSTANT_CONVERSION = YES;
				CLANG_WARN_DIRECT_OBJC_ISA_USAGE = YES_ERROR;
				CLANG_WARN_DOCUMENTATION_COMMENTS = YES;
				CLANG_WARN_EMPTY_BODY = YES;
				CLANG_WARN_ENUM_CONVERSION = YES;
				CLANG_WARN_INFINITE_RECURSION = YES;
				CLANG_WARN_INT_CONVERSION = YES;
				CLANG_WARN_NON_LITERAL_NULL_CONVERSION = YES;
				CLANG_WARN_OBJC_LITERAL_CONVERSION = YES;
				CLANG_WARN_OBJC_ROOT_CLASS = YES_ERROR;
				CLANG_WARN_RANGE_LOOP_ANALYSIS = YES;
				CLANG_WARN_STRICT_PROTOTYPES = YES;
				CLANG_WARN_SUSPICIOUS_MOVE = YES;
				CLANG_WARN_UNGUARDED_AVAILABILITY = YES_AGGRESSIVE;
				CLANG_WARN_UNREACHABLE_CODE = YES;
				CLANG_WARN__DUPLICATE_METHOD_MATCH = YES;
				CODE_SIGN_IDENTITY = "Mac Developer";
				COPY_PHASE_STRIP = NO;
				DEBUG_INFORMATION_FORMAT = "dwarf-with-dsym";
				ENABLE_NS_ASSERTIONS = NO;
				ENABLE_STRICT_OBJC_MSGSEND = YES;
				GCC_C_LANGUAGE_STANDARD = gnu11;
				GCC_NO_COMMON_BLOCKS = YES;
				GCC_WARN_64_TO_32_BIT_CONVERSION = YES;
				GCC_WARN_ABOUT_RETURN_TYPE = YES_ERROR;
				GCC_WARN_UNDECLARED_SELECTOR = YES;
				GCC_WARN_UNINITIALIZED_AUTOS = YES_AGGRESSIVE;
				GCC_WARN_UNUSED_FUNCTION = YES;
				GCC_WARN_UNUSED_VARIABLE = YES;
				MACOSX_DEPLOYMENT_TARGET = 10.12;
				MTL_ENABLE_DEBUG_INFO = NO;
				SDKROOT = macosx;
				SWIFT_OPTIMIZATION_LEVEL = "-Owholemodule";
			};
			name = Release;
		};
		0F74C5B41F86377800FA24F2 /* Debug */ = {
			isa = XCBuildConfiguration;
			buildSettings = {
				ASSETCATALOG_COMPILER_APPICON_NAME = AppIcon;
				CODE_SIGN_ENTITLEMENTS = NSOutLineView/NSOutLineView.entitlements;
				CODE_SIGN_STYLE = Automatic;
				COMBINE_HIDPI_IMAGES = YES;
				DEVELOPMENT_TEAM = Z9AH4A4F7A;
				INFOPLIST_FILE = NSOutLineView/Info.plist;
				LD_RUNPATH_SEARCH_PATHS = "$(inherited) @executable_path/../Frameworks";
				PRODUCT_BUNDLE_IDENTIFIER = ZZ.NSOutLineView;
				PRODUCT_NAME = "$(TARGET_NAME)";
				SWIFT_VERSION = 4.0;
			};
			name = Debug;
		};
		0F74C5B51F86377800FA24F2 /* Release */ = {
			isa = XCBuildConfiguration;
			buildSettings = {
				ASSETCATALOG_COMPILER_APPICON_NAME = AppIcon;
				CODE_SIGN_ENTITLEMENTS = NSOutLineView/NSOutLineView.entitlements;
				CODE_SIGN_STYLE = Automatic;
				COMBINE_HIDPI_IMAGES = YES;
				DEVELOPMENT_TEAM = Z9AH4A4F7A;
				INFOPLIST_FILE = NSOutLineView/Info.plist;
				LD_RUNPATH_SEARCH_PATHS = "$(inherited) @executable_path/../Frameworks";
				PRODUCT_BUNDLE_IDENTIFIER = ZZ.NSOutLineView;
				PRODUCT_NAME = "$(TARGET_NAME)";
				SWIFT_VERSION = 4.0;
			};
			name = Release;
		};
		0F74C5B71F86377800FA24F2 /* Debug */ = {
			isa = XCBuildConfiguration;
			buildSettings = {
				ALWAYS_EMBED_SWIFT_STANDARD_LIBRARIES = YES;
				BUNDLE_LOADER = "$(TEST_HOST)";
				CODE_SIGN_STYLE = Automatic;
				COMBINE_HIDPI_IMAGES = YES;
				DEVELOPMENT_TEAM = Z9AH4A4F7A;
				INFOPLIST_FILE = NSOutLineViewTests/Info.plist;
				LD_RUNPATH_SEARCH_PATHS = "$(inherited) @executable_path/../Frameworks @loader_path/../Frameworks";
				PRODUCT_BUNDLE_IDENTIFIER = ZZ.NSOutLineViewTests;
				PRODUCT_NAME = "$(TARGET_NAME)";
				SWIFT_VERSION = 4.0;
				TEST_HOST = "$(BUILT_PRODUCTS_DIR)/NSOutLineView.app/Contents/MacOS/NSOutLineView";
			};
			name = Debug;
		};
		0F74C5B81F86377800FA24F2 /* Release */ = {
			isa = XCBuildConfiguration;
			buildSettings = {
				ALWAYS_EMBED_SWIFT_STANDARD_LIBRARIES = YES;
				BUNDLE_LOADER = "$(TEST_HOST)";
				CODE_SIGN_STYLE = Automatic;
				COMBINE_HIDPI_IMAGES = YES;
				DEVELOPMENT_TEAM = Z9AH4A4F7A;
				INFOPLIST_FILE = NSOutLineViewTests/Info.plist;
				LD_RUNPATH_SEARCH_PATHS = "$(inherited) @executable_path/../Frameworks @loader_path/../Frameworks";
				PRODUCT_BUNDLE_IDENTIFIER = ZZ.NSOutLineViewTests;
				PRODUCT_NAME = "$(TARGET_NAME)";
				SWIFT_VERSION = 4.0;
				TEST_HOST = "$(BUILT_PRODUCTS_DIR)/NSOutLineView.app/Contents/MacOS/NSOutLineView";
			};
			name = Release;
		};
		0F74C5BA1F86377800FA24F2 /* Debug */ = {
			isa = XCBuildConfiguration;
			buildSettings = {
				ALWAYS_EMBED_SWIFT_STANDARD_LIBRARIES = YES;
				CODE_SIGN_STYLE = Automatic;
				COMBINE_HIDPI_IMAGES = YES;
				DEVELOPMENT_TEAM = Z9AH4A4F7A;
				INFOPLIST_FILE = NSOutLineViewUITests/Info.plist;
				LD_RUNPATH_SEARCH_PATHS = "$(inherited) @executable_path/../Frameworks @loader_path/../Frameworks";
				PRODUCT_BUNDLE_IDENTIFIER = ZZ.NSOutLineViewUITests;
				PRODUCT_NAME = "$(TARGET_NAME)";
				SWIFT_VERSION = 4.0;
				TEST_TARGET_NAME = NSOutLineView;
			};
			name = Debug;
		};
		0F74C5BB1F86377800FA24F2 /* Release */ = {
			isa = XCBuildConfiguration;
			buildSettings = {
				ALWAYS_EMBED_SWIFT_STANDARD_LIBRARIES = YES;
				CODE_SIGN_STYLE = Automatic;
				COMBINE_HIDPI_IMAGES = YES;
				DEVELOPMENT_TEAM = Z9AH4A4F7A;
				INFOPLIST_FILE = NSOutLineViewUITests/Info.plist;
				LD_RUNPATH_SEARCH_PATHS = "$(inherited) @executable_path/../Frameworks @loader_path/../Frameworks";
				PRODUCT_BUNDLE_IDENTIFIER = ZZ.NSOutLineViewUITests;
				PRODUCT_NAME = "$(TARGET_NAME)";
				SWIFT_VERSION = 4.0;
				TEST_TARGET_NAME = NSOutLineView;
			};
			name = Release;
		};
/* End XCBuildConfiguration section */

/* Begin XCConfigurationList section */
		0F74C5881F86377800FA24F2 /* Build configuration list for PBXProject "NSOutLineView" */ = {
			isa = XCConfigurationList;
			buildConfigurations = (
				0F74C5B11F86377800FA24F2 /* Debug */,
				0F74C5B21F86377800FA24F2 /* Release */,
			);
			defaultConfigurationIsVisible = 0;
			defaultConfigurationName = Release;
		};
		0F74C5B31F86377800FA24F2 /* Build configuration list for PBXNativeTarget "NSOutLineView" */ = {
			isa = XCConfigurationList;
			buildConfigurations = (
				0F74C5B41F86377800FA24F2 /* Debug */,
				0F74C5B51F86377800FA24F2 /* Release */,
			);
			defaultConfigurationIsVisible = 0;
			defaultConfigurationName = Release;
		};
		0F74C5B61F86377800FA24F2 /* Build configuration list for PBXNativeTarget "NSOutLineViewTests" */ = {
			isa = XCConfigurationList;
			buildConfigurations = (
				0F74C5B71F86377800FA24F2 /* Debug */,
				0F74C5B81F86377800FA24F2 /* Release */,
			);
			defaultConfigurationIsVisible = 0;
			defaultConfigurationName = Release;
		};
		0F74C5B91F86377800FA24F2 /* Build configuration list for PBXNativeTarget "NSOutLineViewUITests" */ = {
			isa = XCConfigurationList;
			buildConfigurations = (
				0F74C5BA1F86377800FA24F2 /* Debug */,
				0F74C5BB1F86377800FA24F2 /* Release */,
			);
			defaultConfigurationIsVisible = 0;
			defaultConfigurationName = Release;
		};
/* End XCConfigurationList section */
	};
	rootObject = 0F74C5851F86377800FA24F2 /* Project object */;
}
